
Microsoft Visual Studio Solution File, Format Version 12.00
# Visual Studio 15
VisualStudioVersion = 15.0.28307.572
MinimumVisualStudioVersion = 10.0.40219.1
Project("{FAE04EC0-301F-11D3-BF4B-00C04F79EFBC}") = "EST - FOR - 006 - Triangle", "EST - FOR - 006 - Triangle\EST - FOR - 006 - Triangle.csproj", "{9824648E-6642-445F-BA1E-AFFBA9101368}"
EndProject
Global
	GlobalSection(SolutionConfigurationPlatforms) = preSolution
		Debug|Any CPU = Debug|Any CPU
		Release|Any CPU = Release|Any CPU
	EndGlobalSection
	GlobalSection(ProjectConfigurationPlatforms) = postSolution
		{9824648E-6642-445F-BA1E-AFFBA9101368}.Debug|Any CPU.ActiveCfg = Debug|Any CPU
		{9824648E-6642-445F-BA1E-AFFBA9101368}.Debug|Any CPU.Build.0 = Debug|Any CPU
		{9824648E-6642-445F-BA1E-AFFBA9101368}.Release|Any CPU.ActiveCfg = Release|Any CPU
		{9824648E-6642-445F-BA1E-AFFBA9101368}.Release|Any CPU.Build.0 = Release|Any CPU
	EndGlobalSection
	GlobalSection(SolutionProperties) = preSolution
		HideSolutionNode = FALSE
	EndGlobalSection
	GlobalSection(ExtensibilityGlobals) = postSolution
		SolutionGuid = {7EB3A6BF-B566-445D-B6AE-F5606C642FEC}
	EndGlobalSection
EndGlobal
